// !$*UTF8*$!
{
	archiveVersion = 1;
	classes = {
	};
	objectVersion = 50;
	objects = {

/* Begin PBXBuildFile section */
		158D9B9E26BF92250001F5E3 /* AppDelegate.swift in Sources */ = {isa = PBXBuildFile; fileRef = 158D9B9D26BF92250001F5E3 /* AppDelegate.swift */; };
		158D9BA026BF92250001F5E3 /* SceneDelegate.swift in Sources */ = {isa = PBXBuildFile; fileRef = 158D9B9F26BF92250001F5E3 /* SceneDelegate.swift */; };
		158D9BA226BF92250001F5E3 /* ContentView.swift in Sources */ = {isa = PBXBuildFile; fileRef = 158D9BA126BF92250001F5E3 /* ContentView.swift */; };
		158D9BA526BF92250001F5E3 /* SwiftUIDemo.xcdatamodeld in Sources */ = {isa = PBXBuildFile; fileRef = 158D9BA326BF92250001F5E3 /* SwiftUIDemo.xcdatamodeld */; };
		158D9BA726BF92270001F5E3 /* Assets.xcassets in Resources */ = {isa = PBXBuildFile; fileRef = 158D9BA626BF92270001F5E3 /* Assets.xcassets */; };
		158D9BAA26BF92270001F5E3 /* Preview Assets.xcassets in Resources */ = {isa = PBXBuildFile; fileRef = 158D9BA926BF92270001F5E3 /* Preview Assets.xcassets */; };
		158D9BAD26BF92270001F5E3 /* LaunchScreen.storyboard in Resources */ = {isa = PBXBuildFile; fileRef = 158D9BAB26BF92270001F5E3 /* LaunchScreen.storyboard */; };
		158D9BB826BF92270001F5E3 /* SwiftUIDemoTests.swift in Sources */ = {isa = PBXBuildFile; fileRef = 158D9BB726BF92270001F5E3 /* SwiftUIDemoTests.swift */; };
		158D9BC326BF92270001F5E3 /* SwiftUIDemoUITests.swift in Sources */ = {isa = PBXBuildFile; fileRef = 158D9BC226BF92270001F5E3 /* SwiftUIDemoUITests.swift */; };
/* End PBXBuildFile section */

/* Begin PBXContainerItemProxy section */
		158D9BB426BF92270001F5E3 /* PBXContainerItemProxy */ = {
			isa = PBXContainerItemProxy;
			containerPortal = 158D9B9226BF92250001F5E3 /* Project object */;
			proxyType = 1;
			remoteGlobalIDString = 158D9B9926BF92250001F5E3;
			remoteInfo = SwiftUIDemo;
		};
		158D9BBF26BF92270001F5E3 /* PBXContainerItemProxy */ = {
			isa = PBXContainerItemProxy;
			containerPortal = 158D9B9226BF92250001F5E3 /* Project object */;
			proxyType = 1;
			remoteGlobalIDString = 158D9B9926BF92250001F5E3;
			remoteInfo = SwiftUIDemo;
		};
/* End PBXContainerItemProxy section */

/* Begin PBXFileReference section */
		158D9B9A26BF92250001F5E3 /* SwiftUIDemo.app */ = {isa = PBXFileReference; explicitFileType = wrapper.application; includeInIndex = 0; path = SwiftUIDemo.app; sourceTree = BUILT_PRODUCTS_DIR; };
		158D9B9D26BF92250001F5E3 /* AppDelegate.swift */ = {isa = PBXFileReference; lastKnownFileType = sourcecode.swift; path = AppDelegate.swift; sourceTree = "<group>"; };
		158D9B9F26BF92250001F5E3 /* SceneDelegate.swift */ = {isa = PBXFileReference; lastKnownFileType = sourcecode.swift; path = SceneDelegate.swift; sourceTree = "<group>"; };
		158D9BA126BF92250001F5E3 /* ContentView.swift */ = {isa = PBXFileReference; lastKnownFileType = sourcecode.swift; path = ContentView.swift; sourceTree = "<group>"; };
		158D9BA426BF92250001F5E3 /* SwiftUIDemo.xcdatamodel */ = {isa = PBXFileReference; lastKnownFileType = wrapper.xcdatamodel; path = SwiftUIDemo.xcdatamodel; sourceTree = "<group>"; };
		158D9BA626BF92270001F5E3 /* Assets.xcassets */ = {isa = PBXFileReference; lastKnownFileType = folder.assetcatalog; path = Assets.xcassets; sourceTree = "<group>"; };
		158D9BA926BF92270001F5E3 /* Preview Assets.xcassets */ = {isa = PBXFileReference; lastKnownFileType = folder.assetcatalog; path = "Preview Assets.xcassets"; sourceTree = "<group>"; };
		158D9BAC26BF92270001F5E3 /* Base */ = {isa = PBXFileReference; lastKnownFileType = file.storyboard; name = Base; path = Base.lproj/LaunchScreen.storyboard; sourceTree = "<group>"; };
		158D9BAE26BF92270001F5E3 /* Info.plist */ = {isa = PBXFileReference; lastKnownFileType = text.plist.xml; path = Info.plist; sourceTree = "<group>"; };
		158D9BB326BF92270001F5E3 /* SwiftUIDemoTests.xctest */ = {isa = PBXFileReference; explicitFileType = wrapper.cfbundle; includeInIndex = 0; path = SwiftUIDemoTests.xctest; sourceTree = BUILT_PRODUCTS_DIR; };
		158D9BB726BF92270001F5E3 /* SwiftUIDemoTests.swift */ = {isa = PBXFileReference; lastKnownFileType = sourcecode.swift; path = SwiftUIDemoTests.swift; sourceTree = "<group>"; };
		158D9BB926BF92270001F5E3 /* Info.plist */ = {isa = PBXFileReference; lastKnownFileType = text.plist.xml; path = Info.plist; sourceTree = "<group>"; };
		158D9BBE26BF92270001F5E3 /* SwiftUIDemoUITests.xctest */ = {isa = PBXFileReference; explicitFileType = wrapper.cfbundle; includeInIndex = 0; path = SwiftUIDemoUITests.xctest; sourceTree = BUILT_PRODUCTS_DIR; };
		158D9BC226BF92270001F5E3 /* SwiftUIDemoUITests.swift */ = {isa = PBXFileReference; lastKnownFileType = sourcecode.swift; path = SwiftUIDemoUITests.swift; sourceTree = "<group>"; };
		158D9BC426BF92270001F5E3 /* Info.plist */ = {isa = PBXFileReference; lastKnownFileType = text.plist.xml; path = Info.plist; sourceTree = "<group>"; };
/* End PBXFileReference section */

/* Begin PBXFrameworksBuildPhase section */
		158D9B9726BF92250001F5E3 /* Frameworks */ = {
			isa = PBXFrameworksBuildPhase;
			buildActionMask = 2147483647;
			files = (
			);
			runOnlyForDeploymentPostprocessing = 0;
		};
		158D9BB026BF92270001F5E3 /* Frameworks */ = {
			isa = PBXFrameworksBuildPhase;
			buildActionMask = 2147483647;
			files = (
			);
			runOnlyForDeploymentPostprocessing = 0;
		};
		158D9BBB26BF92270001F5E3 /* Frameworks */ = {
			isa = PBXFrameworksBuildPhase;
			buildActionMask = 2147483647;
			files = (
			);
			runOnlyForDeploymentPostprocessing = 0;
		};
/* End PBXFrameworksBuildPhase section */

/* Begin PBXGroup section */
		158D9B9126BF92250001F5E3 = {
			isa = PBXGroup;
			children = (
				158D9B9C26BF92250001F5E3 /* SwiftUIDemo */,
				158D9BB626BF92270001F5E3 /* SwiftUIDemoTests */,
				158D9BC126BF92270001F5E3 /* SwiftUIDemoUITests */,
				158D9B9B26BF92250001F5E3 /* Products */,
			);
			sourceTree = "<group>";
		};
		158D9B9B26BF92250001F5E3 /* Products */ = {
			isa = PBXGroup;
			children = (
				158D9B9A26BF92250001F5E3 /* SwiftUIDemo.app */,
				158D9BB326BF92270001F5E3 /* SwiftUIDemoTests.xctest */,
				158D9BBE26BF92270001F5E3 /* SwiftUIDemoUITests.xctest */,
			);
			name = Products;
			sourceTree = "<group>";
		};
		158D9B9C26BF92250001F5E3 /* SwiftUIDemo */ = {
			isa = PBXGroup;
			children = (
				158D9B9D26BF92250001F5E3 /* AppDelegate.swift */,
				158D9B9F26BF92250001F5E3 /* SceneDelegate.swift */,
				158D9BA126BF92250001F5E3 /* ContentView.swift */,
				158D9BA626BF92270001F5E3 /* Assets.xcassets */,
				158D9BAB26BF92270001F5E3 /* LaunchScreen.storyboard */,
				158D9BAE26BF92270001F5E3 /* Info.plist */,
				158D9BA326BF92250001F5E3 /* SwiftUIDemo.xcdatamodeld */,
				158D9BA826BF92270001F5E3 /* Preview Content */,
			);
			path = SwiftUIDemo;
			sourceTree = "<group>";
		};
		158D9BA826BF92270001F5E3 /* Preview Content */ = {
			isa = PBXGroup;
			children = (
				158D9BA926BF92270001F5E3 /* Preview Assets.xcassets */,
			);
			path = "Preview Content";
			sourceTree = "<group>";
		};
		158D9BB626BF92270001F5E3 /* SwiftUIDemoTests */ = {
			isa = PBXGroup;
			children = (
				158D9BB726BF92270001F5E3 /* SwiftUIDemoTests.swift */,
				158D9BB926BF92270001F5E3 /* Info.plist */,
			);
			path = SwiftUIDemoTests;
			sourceTree = "<group>";
		};
		158D9BC126BF92270001F5E3 /* SwiftUIDemoUITests */ = {
			isa = PBXGroup;
			children = (
				158D9BC226BF92270001F5E3 /* SwiftUIDemoUITests.swift */,
				158D9BC426BF92270001F5E3 /* Info.plist */,
			);
			path = SwiftUIDemoUITests;
			sourceTree = "<group>";
		};
/* End PBXGroup section */

/* Begin PBXNativeTarget section */
		158D9B9926BF92250001F5E3 /* SwiftUIDemo */ = {
			isa = PBXNativeTarget;
			buildConfigurationList = 158D9BC726BF92270001F5E3 /* Build configuration list for PBXNativeTarget "SwiftUIDemo" */;
			buildPhases = (
				158D9B9626BF92250001F5E3 /* Sources */,
				158D9B9726BF92250001F5E3 /* Frameworks */,
				158D9B9826BF92250001F5E3 /* Resources */,
			);
			buildRules = (
			);
			dependencies = (
			);
			name = SwiftUIDemo;
			productName = SwiftUIDemo;
			productReference = 158D9B9A26BF92250001F5E3 /* SwiftUIDemo.app */;
			productType = "com.apple.product-type.application";
		};
		158D9BB226BF92270001F5E3 /* SwiftUIDemoTests */ = {
			isa = PBXNativeTarget;
			buildConfigurationList = 158D9BCA26BF92270001F5E3 /* Build configuration list for PBXNativeTarget "SwiftUIDemoTests" */;
			buildPhases = (
				158D9BAF26BF92270001F5E3 /* Sources */,
				158D9BB026BF92270001F5E3 /* Frameworks */,
				158D9BB126BF92270001F5E3 /* Resources */,
			);
			buildRules = (
			);
			dependencies = (
				158D9BB526BF92270001F5E3 /* PBXTargetDependency */,
			);
			name = SwiftUIDemoTests;
			productName = SwiftUIDemoTests;
			productReference = 158D9BB326BF92270001F5E3 /* SwiftUIDemoTests.xctest */;
			productType = "com.apple.product-type.bundle.unit-test";
		};
		158D9BBD26BF92270001F5E3 /* SwiftUIDemoUITests */ = {
			isa = PBXNativeTarget;
			buildConfigurationList = 158D9BCD26BF92270001F5E3 /* Build configuration list for PBXNativeTarget "SwiftUIDemoUITests" */;
			buildPhases = (
				158D9BBA26BF92270001F5E3 /* Sources */,
				158D9BBB26BF92270001F5E3 /* Frameworks */,
				158D9BBC26BF92270001F5E3 /* Resources */,
			);
			buildRules = (
			);
			dependencies = (
				158D9BC026BF92270001F5E3 /* PBXTargetDependency */,
			);
			name = SwiftUIDemoUITests;
			productName = SwiftUIDemoUITests;
			productReference = 158D9BBE26BF92270001F5E3 /* SwiftUIDemoUITests.xctest */;
			productType = "com.apple.product-type.bundle.ui-testing";
		};
/* End PBXNativeTarget section */

/* Begin PBXProject section */
		158D9B9226BF92250001F5E3 /* Project object */ = {
			isa = PBXProject;
			attributes = {
				LastSwiftUpdateCheck = 1250;
				LastUpgradeCheck = 1250;
				TargetAttributes = {
					158D9B9926BF92250001F5E3 = {
						CreatedOnToolsVersion = 12.5.1;
					};
					158D9BB226BF92270001F5E3 = {
						CreatedOnToolsVersion = 12.5.1;
						TestTargetID = 158D9B9926BF92250001F5E3;
					};
					158D9BBD26BF92270001F5E3 = {
						CreatedOnToolsVersion = 12.5.1;
						TestTargetID = 158D9B9926BF92250001F5E3;
					};
				};
			};
			buildConfigurationList = 158D9B9526BF92250001F5E3 /* Build configuration list for PBXProject "SwiftUIDemo" */;
			compatibilityVersion = "Xcode 9.3";
			developmentRegion = en;
			hasScannedForEncodings = 0;
			knownRegions = (
				en,
				Base,
			);
			mainGroup = 158D9B9126BF92250001F5E3;
			productRefGroup = 158D9B9B26BF92250001F5E3 /* Products */;
			projectDirPath = "";
			projectRoot = "";
			targets = (
				158D9B9926BF92250001F5E3 /* SwiftUIDemo */,
				158D9BB226BF92270001F5E3 /* SwiftUIDemoTests */,
				158D9BBD26BF92270001F5E3 /* SwiftUIDemoUITests */,
			);
		};
/* End PBXProject section */

/* Begin PBXResourcesBuildPhase section */
		158D9B9826BF92250001F5E3 /* Resources */ = {
			isa = PBXResourcesBuildPhase;
			buildActionMask = 2147483647;
			files = (
				158D9BAD26BF92270001F5E3 /* LaunchScreen.storyboard in Resources */,
				158D9BAA26BF92270001F5E3 /* Preview Assets.xcassets in Resources */,
				158D9BA726BF92270001F5E3 /* Assets.xcassets in Resources */,
			);
			runOnlyForDeploymentPostprocessing = 0;
		};
		158D9BB126BF92270001F5E3 /* Resources */ = {
			isa = PBXResourcesBuildPhase;
			buildActionMask = 2147483647;
			files = (
			);
			runOnlyForDeploymentPostprocessing = 0;
		};
		158D9BBC26BF92270001F5E3 /* Resources */ = {
			isa = PBXResourcesBuildPhase;
			buildActionMask = 2147483647;
			files = (
			);
			runOnlyForDeploymentPostprocessing = 0;
		};
/* End PBXResourcesBuildPhase section */

/* Begin PBXSourcesBuildPhase section */
		158D9B9626BF92250001F5E3 /* Sources */ = {
			isa = PBXSourcesBuildPhase;
			buildActionMask = 2147483647;
			files = (
				158D9BA526BF92250001F5E3 /* SwiftUIDemo.xcdatamodeld in Sources */,
				158D9B9E26BF92250001F5E3 /* AppDelegate.swift in Sources */,
				158D9BA026BF92250001F5E3 /* SceneDelegate.swift in Sources */,
				158D9BA226BF92250001F5E3 /* ContentView.swift in Sources */,
			);
			runOnlyForDeploymentPostprocessing = 0;
		};
		158D9BAF26BF92270001F5E3 /* Sources */ = {
			isa = PBXSourcesBuildPhase;
			buildActionMask = 2147483647;
			files = (
				158D9BB826BF92270001F5E3 /* SwiftUIDemoTests.swift in Sources */,
			);
			runOnlyForDeploymentPostprocessing = 0;
		};
		158D9BBA26BF92270001F5E3 /* Sources */ = {
			isa = PBXSourcesBuildPhase;
			buildActionMask = 2147483647;
			files = (
				158D9BC326BF92270001F5E3 /* SwiftUIDemoUITests.swift in Sources */,
			);
			runOnlyForDeploymentPostprocessing = 0;
		};
/* End PBXSourcesBuildPhase section */

/* Begin PBXTargetDependency section */
		158D9BB526BF92270001F5E3 /* PBXTargetDependency */ = {
			isa = PBXTargetDependency;
			target = 158D9B9926BF92250001F5E3 /* SwiftUIDemo */;
			targetProxy = 158D9BB426BF92270001F5E3 /* PBXContainerItemProxy */;
		};
		158D9BC026BF92270001F5E3 /* PBXTargetDependency */ = {
			isa = PBXTargetDependency;
			target = 158D9B9926BF92250001F5E3 /* SwiftUIDemo */;
			targetProxy = 158D9BBF26BF92270001F5E3 /* PBXContainerItemProxy */;
		};
/* End PBXTargetDependency section */

/* Begin PBXVariantGroup section */
		158D9BAB26BF92270001F5E3 /* LaunchScreen.storyboard */ = {
			isa = PBXVariantGroup;
			children = (
				158D9BAC26BF92270001F5E3 /* Base */,
			);
			name = LaunchScreen.storyboard;
			sourceTree = "<group>";
		};
/* End PBXVariantGroup section */

/* Begin XCBuildConfiguration section */
		158D9BC526BF92270001F5E3 /* Debug */ = {
			isa = XCBuildConfiguration;
			buildSettings = {
				ALWAYS_SEARCH_USER_PATHS = NO;
				CLANG_ANALYZER_NONNULL = YES;
				CLANG_ANALYZER_NUMBER_OBJECT_CONVERSION = YES_AGGRESSIVE;
				CLANG_CXX_LANGUAGE_STANDARD = "gnu++14";
				CLANG_CXX_LIBRARY = "libc++";
				CLANG_ENABLE_MODULES = YES;
				CLANG_ENABLE_OBJC_ARC = YES;
				CLANG_ENABLE_OBJC_WEAK = YES;
				CLANG_WARN_BLOCK_CAPTURE_AUTORELEASING = YES;
				CLANG_WARN_BOOL_CONVERSION = YES;
				CLANG_WARN_COMMA = YES;
				CLANG_WARN_CONSTANT_CONVERSION = YES;
				CLANG_WARN_DEPRECATED_OBJC_IMPLEMENTATIONS = YES;
				CLANG_WARN_DIRECT_OBJC_ISA_USAGE = YES_ERROR;
				CLANG_WARN_DOCUMENTATION_COMMENTS = YES;
				CLANG_WARN_EMPTY_BODY = YES;
				CLANG_WARN_ENUM_CONVERSION = YES;
				CLANG_WARN_INFINITE_RECURSION = YES;
				CLANG_WARN_INT_CONVERSION = YES;
				CLANG_WARN_NON_LITERAL_NULL_CONVERSION = YES;
				CLANG_WARN_OBJC_IMPLICIT_RETAIN_SELF = YES;
				CLANG_WARN_OBJC_LITERAL_CONVERSION = YES;
				CLANG_WARN_OBJC_ROOT_CLASS = YES_ERROR;
				CLANG_WARN_QUOTED_INCLUDE_IN_FRAMEWORK_HEADER = YES;
				CLANG_WARN_RANGE_LOOP_ANALYSIS = YES;
				CLANG_WARN_STRICT_PROTOTYPES = YES;
				CLANG_WARN_SUSPICIOUS_MOVE = YES;
				CLANG_WARN_UNGUARDED_AVAILABILITY = YES_AGGRESSIVE;
				CLANG_WARN_UNREACHABLE_CODE = YES;
				CLANG_WARN__DUPLICATE_METHOD_MATCH = YES;
				COPY_PHASE_STRIP = NO;
				DEBUG_INFORMATION_FORMAT = dwarf;
				ENABLE_STRICT_OBJC_MSGSEND = YES;
				ENABLE_TESTABILITY = YES;
				GCC_C_LANGUAGE_STANDARD = gnu11;
				GCC_DYNAMIC_NO_PIC = NO;
				GCC_NO_COMMON_BLOCKS = YES;
				GCC_OPTIMIZATION_LEVEL = 0;
				GCC_PREPROCESSOR_DEFINITIONS = (
					"DEBUG=1",
					"$(inherited)",
				);
				GCC_WARN_64_TO_32_BIT_CONVERSION = YES;
				GCC_WARN_ABOUT_RETURN_TYPE = YES_ERROR;
				GCC_WARN_UNDECLARED_SELECTOR = YES;
				GCC_WARN_UNINITIALIZED_AUTOS = YES_AGGRESSIVE;
				GCC_WARN_UNUSED_FUNCTION = YES;
				GCC_WARN_UNUSED_VARIABLE = YES;
				IPHONEOS_DEPLOYMENT_TARGET = 14.5;
				MTL_ENABLE_DEBUG_INFO = INCLUDE_SOURCE;
				MTL_FAST_MATH = YES;
				ONLY_ACTIVE_ARCH = YES;
				SDKROOT = iphoneos;
				SWIFT_ACTIVE_COMPILATION_CONDITIONS = DEBUG;
				SWIFT_OPTIMIZATION_LEVEL = "-Onone";
			};
			name = Debug;
		};
		158D9BC626BF92270001F5E3 /* Release */ = {
			isa = XCBuildConfiguration;
			buildSettings = {
				ALWAYS_SEARCH_USER_PATHS = NO;
				CLANG_ANALYZER_NONNULL = YES;
				CLANG_ANALYZER_NUMBER_OBJECT_CONVERSION = YES_AGGRESSIVE;
				CLANG_CXX_LANGUAGE_STANDARD = "gnu++14";
				CLANG_CXX_LIBRARY = "libc++";
				CLANG_ENABLE_MODULES = YES;
				CLANG_ENABLE_OBJC_ARC = YES;
				CLANG_ENABLE_OBJC_WEAK = YES;
				CLANG_WARN_BLOCK_CAPTURE_AUTORELEASING = YES;
				CLANG_WARN_BOOL_CONVERSION = YES;
				CLANG_WARN_COMMA = YES;
				CLANG_WARN_CONSTANT_CONVERSION = YES;
				CLANG_WARN_DEPRECATED_OBJC_IMPLEMENTATIONS = YES;
				CLANG_WARN_DIRECT_OBJC_ISA_USAGE = YES_ERROR;
				CLANG_WARN_DOCUMENTATION_COMMENTS = YES;
				CLANG_WARN_EMPTY_BODY = YES;
				CLANG_WARN_ENUM_CONVERSION = YES;
				CLANG_WARN_INFINITE_RECURSION = YES;
				CLANG_WARN_INT_CONVERSION = YES;
				CLANG_WARN_NON_LITERAL_NULL_CONVERSION = YES;
				CLANG_WARN_OBJC_IMPLICIT_RETAIN_SELF = YES;
				CLANG_WARN_OBJC_LITERAL_CONVERSION = YES;
				CLANG_WARN_OBJC_ROOT_CLASS = YES_ERROR;
				CLANG_WARN_QUOTED_INCLUDE_IN_FRAMEWORK_HEADER = YES;
				CLANG_WARN_RANGE_LOOP_ANALYSIS = YES;
				CLANG_WARN_STRICT_PROTOTYPES = YES;
				CLANG_WARN_SUSPICIOUS_MOVE = YES;
				CLANG_WARN_UNGUARDED_AVAILABILITY = YES_AGGRESSIVE;
				CLANG_WARN_UNREACHABLE_CODE = YES;
				CLANG_WARN__DUPLICATE_METHOD_MATCH = YES;
				COPY_PHASE_STRIP = NO;
				DEBUG_INFORMATION_FORMAT = "dwarf-with-dsym";
				ENABLE_NS_ASSERTIONS = NO;
				ENABLE_STRICT_OBJC_MSGSEND = YES;
				GCC_C_LANGUAGE_STANDARD = gnu11;
				GCC_NO_COMMON_BLOCKS = YES;
				GCC_WARN_64_TO_32_BIT_CONVERSION = YES;
				GCC_WARN_ABOUT_RETURN_TYPE = YES_ERROR;
				GCC_WARN_UNDECLARED_SELECTOR = YES;
				GCC_WARN_UNINITIALIZED_AUTOS = YES_AGGRESSIVE;
				GCC_WARN_UNUSED_FUNCTION = YES;
				GCC_WARN_UNUSED_VARIABLE = YES;
				IPHONEOS_DEPLOYMENT_TARGET = 14.5;
				MTL_ENABLE_DEBUG_INFO = NO;
				MTL_FAST_MATH = YES;
				SDKROOT = iphoneos;
				SWIFT_COMPILATION_MODE = wholemodule;
				SWIFT_OPTIMIZATION_LEVEL = "-O";
				VALIDATE_PRODUCT = YES;
			};
			name = Release;
		};
		158D9BC826BF92270001F5E3 /* Debug */ = {
			isa = XCBuildConfiguration;
			buildSettings = {
				ASSETCATALOG_COMPILER_APPICON_NAME = AppIcon;
				ASSETCATALOG_COMPILER_GLOBAL_ACCENT_COLOR_NAME = AccentColor;
				CODE_SIGN_STYLE = Automatic;
				DEVELOPMENT_ASSET_PATHS = "\"SwiftUIDemo/Preview Content\"";
				ENABLE_PREVIEWS = YES;
				INFOPLIST_FILE = SwiftUIDemo/Info.plist;
				LD_RUNPATH_SEARCH_PATHS = (
					"$(inherited)",
					"@executable_path/Frameworks",
				);
				PRODUCT_BUNDLE_IDENTIFIER = Firdavs.SwiftUIDemo;
				PRODUCT_NAME = "$(TARGET_NAME)";
				SWIFT_VERSION = 5.0;
				TARGETED_DEVICE_FAMILY = "1,2";
			};
			name = Debug;
		};
		158D9BC926BF92270001F5E3 /* Release */ = {
			isa = XCBuildConfiguration;
			buildSettings = {
				ASSETCATALOG_COMPILER_APPICON_NAME = AppIcon;
				ASSETCATALOG_COMPILER_GLOBAL_ACCENT_COLOR_NAME = AccentColor;
				CODE_SIGN_STYLE = Automatic;
				DEVELOPMENT_ASSET_PATHS = "\"SwiftUIDemo/Preview Content\"";
				ENABLE_PREVIEWS = YES;
				INFOPLIST_FILE = SwiftUIDemo/Info.plist;
				LD_RUNPATH_SEARCH_PATHS = (
					"$(inherited)",
					"@executable_path/Frameworks",
				);
				PRODUCT_BUNDLE_IDENTIFIER = Firdavs.SwiftUIDemo;
				PRODUCT_NAME = "$(TARGET_NAME)";
				SWIFT_VERSION = 5.0;
				TARGETED_DEVICE_FAMILY = "1,2";
			};
			name = Release;
		};
		158D9BCB26BF92270001F5E3 /* Debug */ = {
			isa = XCBuildConfiguration;
			buildSettings = {
				ALWAYS_EMBED_SWIFT_STANDARD_LIBRARIES = YES;
				BUNDLE_LOADER = "$(TEST_HOST)";
				CODE_SIGN_STYLE = Automatic;
				INFOPLIST_FILE = SwiftUIDemoTests/Info.plist;
				IPHONEOS_DEPLOYMENT_TARGET = 14.5;
				LD_RUNPATH_SEARCH_PATHS = (
					"$(inherited)",
					"@executable_path/Frameworks",
					"@loader_path/Frameworks",
				);
				PRODUCT_BUNDLE_IDENTIFIER = Firdavs.SwiftUIDemoTests;
				PRODUCT_NAME = "$(TARGET_NAME)";
				SWIFT_VERSION = 5.0;
				TARGETED_DEVICE_FAMILY = "1,2";
				TEST_HOST = "$(BUILT_PRODUCTS_DIR)/SwiftUIDemo.app/SwiftUIDemo";
			};
			name = Debug;
		};
		158D9BCC26BF92270001F5E3 /* Release */ = {
			isa = XCBuildConfiguration;
			buildSettings = {
				ALWAYS_EMBED_SWIFT_STANDARD_LIBRARIES = YES;
				BUNDLE_LOADER = "$(TEST_HOST)";
				CODE_SIGN_STYLE = Automatic;
				INFOPLIST_FILE = SwiftUIDemoTests/Info.plist;
				IPHONEOS_DEPLOYMENT_TARGET = 14.5;
				LD_RUNPATH_SEARCH_PATHS = (
					"$(inherited)",
					"@executable_path/Frameworks",
					"@loader_path/Frameworks",
				);
				PRODUCT_BUNDLE_IDENTIFIER = Firdavs.SwiftUIDemoTests;
				PRODUCT_NAME = "$(TARGET_NAME)";
				SWIFT_VERSION = 5.0;
				TARGETED_DEVICE_FAMILY = "1,2";
				TEST_HOST = "$(BUILT_PRODUCTS_DIR)/SwiftUIDemo.app/SwiftUIDemo";
			};
			name = Release;
		};
		158D9BCE26BF92270001F5E3 /* Debug */ = {
			isa = XCBuildConfiguration;
			buildSettings = {
				ALWAYS_EMBED_SWIFT_STANDARD_LIBRARIES = YES;
				CODE_SIGN_STYLE = Automatic;
				INFOPLIST_FILE = SwiftUIDemoUITests/Info.plist;
				LD_RUNPATH_SEARCH_PATHS = (
					"$(inherited)",
					"@executable_path/Frameworks",
					"@loader_path/Frameworks",
				);
				PRODUCT_BUNDLE_IDENTIFIER = Firdavs.SwiftUIDemoUITests;
				PRODUCT_NAME = "$(TARGET_NAME)";
				SWIFT_VERSION = 5.0;
				TARGETED_DEVICE_FAMILY = "1,2";
				TEST_TARGET_NAME = SwiftUIDemo;
			};
			name = Debug;
		};
		158D9BCF26BF92270001F5E3 /* Release */ = {
			isa = XCBuildConfiguration;
			buildSettings = {
				ALWAYS_EMBED_SWIFT_STANDARD_LIBRARIES = YES;
				CODE_SIGN_STYLE = Automatic;
				INFOPLIST_FILE = SwiftUIDemoUITests/Info.plist;
				LD_RUNPATH_SEARCH_PATHS = (
					"$(inherited)",
					"@executable_path/Frameworks",
					"@loader_path/Frameworks",
				);
				PRODUCT_BUNDLE_IDENTIFIER = Firdavs.SwiftUIDemoUITests;
				PRODUCT_NAME = "$(TARGET_NAME)";
				SWIFT_VERSION = 5.0;
				TARGETED_DEVICE_FAMILY = "1,2";
				TEST_TARGET_NAME = SwiftUIDemo;
			};
			name = Release;
		};
/* End XCBuildConfiguration section */

/* Begin XCConfigurationList section */
		158D9B9526BF92250001F5E3 /* Build configuration list for PBXProject "SwiftUIDemo" */ = {
			isa = XCConfigurationList;
			buildConfigurations = (
				158D9BC526BF92270001F5E3 /* Debug */,
				158D9BC626BF92270001F5E3 /* Release */,
			);
			defaultConfigurationIsVisible = 0;
			defaultConfigurationName = Release;
		};
		158D9BC726BF92270001F5E3 /* Build configuration list for PBXNativeTarget "SwiftUIDemo" */ = {
			isa = XCConfigurationList;
			buildConfigurations = (
				158D9BC826BF92270001F5E3 /* Debug */,
				158D9BC926BF92270001F5E3 /* Release */,
			);
			defaultConfigurationIsVisible = 0;
			defaultConfigurationName = Release;
		};
		158D9BCA26BF92270001F5E3 /* Build configuration list for PBXNativeTarget "SwiftUIDemoTests" */ = {
			isa = XCConfigurationList;
			buildConfigurations = (
				158D9BCB26BF92270001F5E3 /* Debug */,
				158D9BCC26BF92270001F5E3 /* Release */,
			);
			defaultConfigurationIsVisible = 0;
			defaultConfigurationName = Release;
		};
		158D9BCD26BF92270001F5E3 /* Build configuration list for PBXNativeTarget "SwiftUIDemoUITests" */ = {
			isa = XCConfigurationList;
			buildConfigurations = (
				158D9BCE26BF92270001F5E3 /* Debug */,
				158D9BCF26BF92270001F5E3 /* Release */,
			);
			defaultConfigurationIsVisible = 0;
			defaultConfigurationName = Release;
		};
/* End XCConfigurationList section */

/* Begin XCVersionGroup section */
		158D9BA326BF92250001F5E3 /* SwiftUIDemo.xcdatamodeld */ = {
			isa = XCVersionGroup;
			children = (
				158D9BA426BF92250001F5E3 /* SwiftUIDemo.xcdatamodel */,
			);
			currentVersion = 158D9BA426BF92250001F5E3 /* SwiftUIDemo.xcdatamodel */;
			path = SwiftUIDemo.xcdatamodeld;
			sourceTree = "<group>";
			versionGroupType = wrapper.xcdatamodel;
		};
/* End XCVersionGroup section */
	};
	rootObject = 158D9B9226BF92250001F5E3 /* Project object */;
}
